// !$*UTF8*$!
{
	archiveVersion = 1;
	classes = {
	};
	objectVersion = 50;
	objects = {

/* Begin PBXBuildFile section */
		2E00B0B722E2335A001D96DF /* AppDelegate.swift in Sources */ = {isa = PBXBuildFile; fileRef = 2E00B0B622E2335A001D96DF /* AppDelegate.swift */; };
		2E00B0B922E2335A001D96DF /* ViewController.swift in Sources */ = {isa = PBXBuildFile; fileRef = 2E00B0B822E2335A001D96DF /* ViewController.swift */; };
		2E00B0BC22E2335A001D96DF /* Main.storyboard in Resources */ = {isa = PBXBuildFile; fileRef = 2E00B0BA22E2335A001D96DF /* Main.storyboard */; };
		2E00B0BE22E2335F001D96DF /* Assets.xcassets in Resources */ = {isa = PBXBuildFile; fileRef = 2E00B0BD22E2335F001D96DF /* Assets.xcassets */; };
		2E00B0C122E2335F001D96DF /* LaunchScreen.storyboard in Resources */ = {isa = PBXBuildFile; fileRef = 2E00B0BF22E2335F001D96DF /* LaunchScreen.storyboard */; };
		2E00B0C922E236B2001D96DF /* Capital.swift in Sources */ = {isa = PBXBuildFile; fileRef = 2E00B0C822E236B2001D96DF /* Capital.swift */; };
/* End PBXBuildFile section */

/* Begin PBXFileReference section */
		2E00B0B322E2335A001D96DF /* Project 16 - Capital Cities.app */ = {isa = PBXFileReference; explicitFileType = wrapper.application; includeInIndex = 0; path = "Project 16 - Capital Cities.app"; sourceTree = BUILT_PRODUCTS_DIR; };
		2E00B0B622E2335A001D96DF /* AppDelegate.swift */ = {isa = PBXFileReference; lastKnownFileType = sourcecode.swift; path = AppDelegate.swift; sourceTree = "<group>"; };
		2E00B0B822E2335A001D96DF /* ViewController.swift */ = {isa = PBXFileReference; lastKnownFileType = sourcecode.swift; path = ViewController.swift; sourceTree = "<group>"; };
		2E00B0BB22E2335A001D96DF /* Base */ = {isa = PBXFileReference; lastKnownFileType = file.storyboard; name = Base; path = Base.lproj/Main.storyboard; sourceTree = "<group>"; };
		2E00B0BD22E2335F001D96DF /* Assets.xcassets */ = {isa = PBXFileReference; lastKnownFileType = folder.assetcatalog; path = Assets.xcassets; sourceTree = "<group>"; };
		2E00B0C022E2335F001D96DF /* Base */ = {isa = PBXFileReference; lastKnownFileType = file.storyboard; name = Base; path = Base.lproj/LaunchScreen.storyboard; sourceTree = "<group>"; };
		2E00B0C222E2335F001D96DF /* Info.plist */ = {isa = PBXFileReference; lastKnownFileType = text.plist.xml; path = Info.plist; sourceTree = "<group>"; };
		2E00B0C822E236B2001D96DF /* Capital.swift */ = {isa = PBXFileReference; lastKnownFileType = sourcecode.swift; path = Capital.swift; sourceTree = "<group>"; };
/* End PBXFileReference section */

/* Begin PBXFrameworksBuildPhase section */
		2E00B0B022E2335A001D96DF /* Frameworks */ = {
			isa = PBXFrameworksBuildPhase;
			buildActionMask = 2147483647;
			files = (
			);
			runOnlyForDeploymentPostprocessing = 0;
		};
/* End PBXFrameworksBuildPhase section */

/* Begin PBXGroup section */
		2E00B0AA22E2335A001D96DF = {
			isa = PBXGroup;
			children = (
				2E00B0B522E2335A001D96DF /* Project 16 - Capital Cities */,
				2E00B0B422E2335A001D96DF /* Products */,
			);
			sourceTree = "<group>";
		};
		2E00B0B422E2335A001D96DF /* Products */ = {
			isa = PBXGroup;
			children = (
				2E00B0B322E2335A001D96DF /* Project 16 - Capital Cities.app */,
			);
			name = Products;
			sourceTree = "<group>";
		};
		2E00B0B522E2335A001D96DF /* Project 16 - Capital Cities */ = {
			isa = PBXGroup;
			children = (
				2E00B0B622E2335A001D96DF /* AppDelegate.swift */,
				2E00B0B822E2335A001D96DF /* ViewController.swift */,
				2E00B0BA22E2335A001D96DF /* Main.storyboard */,
				2E00B0C822E236B2001D96DF /* Capital.swift */,
				2E00B0BD22E2335F001D96DF /* Assets.xcassets */,
				2E00B0BF22E2335F001D96DF /* LaunchScreen.storyboard */,
				2E00B0C222E2335F001D96DF /* Info.plist */,
			);
			path = "Project 16 - Capital Cities";
			sourceTree = "<group>";
		};
/* End PBXGroup section */

/* Begin PBXNativeTarget section */
		2E00B0B222E2335A001D96DF /* Project 16 - Capital Cities */ = {
			isa = PBXNativeTarget;
			buildConfigurationList = 2E00B0C522E2335F001D96DF /* Build configuration list for PBXNativeTarget "Project 16 - Capital Cities" */;
			buildPhases = (
				2E00B0AF22E2335A001D96DF /* Sources */,
				2E00B0B022E2335A001D96DF /* Frameworks */,
				2E00B0B122E2335A001D96DF /* Resources */,
			);
			buildRules = (
			);
			dependencies = (
			);
			name = "Project 16 - Capital Cities";
			productName = "Project 16 - Capital Cities";
			productReference = 2E00B0B322E2335A001D96DF /* Project 16 - Capital Cities.app */;
			productType = "com.apple.product-type.application";
		};
/* End PBXNativeTarget section */

/* Begin PBXProject section */
		2E00B0AB22E2335A001D96DF /* Project object */ = {
			isa = PBXProject;
			attributes = {
				LastSwiftUpdateCheck = 1010;
				LastUpgradeCheck = 1010;
				ORGANIZATIONNAME = "Angela Wu ";
				TargetAttributes = {
					2E00B0B222E2335A001D96DF = {
						CreatedOnToolsVersion = 10.1;
					};
				};
			};
			buildConfigurationList = 2E00B0AE22E2335A001D96DF /* Build configuration list for PBXProject "Project 16 - Capital Cities" */;
			compatibilityVersion = "Xcode 9.3";
			developmentRegion = en;
			hasScannedForEncodings = 0;
			knownRegions = (
				en,
				Base,
			);
			mainGroup = 2E00B0AA22E2335A001D96DF;
			productRefGroup = 2E00B0B422E2335A001D96DF /* Products */;
			projectDirPath = "";
			projectRoot = "";
			targets = (
				2E00B0B222E2335A001D96DF /* Project 16 - Capital Cities */,
			);
		};
/* End PBXProject section */

/* Begin PBXResourcesBuildPhase section */
		2E00B0B122E2335A001D96DF /* Resources */ = {
			isa = PBXResourcesBuildPhase;
			buildActionMask = 2147483647;
			files = (
				2E00B0C122E2335F001D96DF /* LaunchScreen.storyboard in Resources */,
				2E00B0BE22E2335F001D96DF /* Assets.xcassets in Resources */,
				2E00B0BC22E2335A001D96DF /* Main.storyboard in Resources */,
			);
			runOnlyForDeploymentPostprocessing = 0;
		};
/* End PBXResourcesBuildPhase section */

/* Begin PBXSourcesBuildPhase section */
		2E00B0AF22E2335A001D96DF /* Sources */ = {
			isa = PBXSourcesBuildPhase;
			buildActionMask = 2147483647;
			files = (
				2E00B0B922E2335A001D96DF /* ViewController.swift in Sources */,
				2E00B0B722E2335A001D96DF /* AppDelegate.swift in Sources */,
				2E00B0C922E236B2001D96DF /* Capital.swift in Sources */,
			);
			runOnlyForDeploymentPostprocessing = 0;
		};
/* End PBXSourcesBuildPhase section */

/* Begin PBXVariantGroup section */
		2E00B0BA22E2335A001D96DF /* Main.storyboard */ = {
			isa = PBXVariantGroup;
			children = (
				2E00B0BB22E2335A001D96DF /* Base */,
			);
			name = Main.storyboard;
			sourceTree = "<group>";
		};
		2E00B0BF22E2335F001D96DF /* LaunchScreen.storyboard */ = {
			isa = PBXVariantGroup;
			children = (
				2E00B0C022E2335F001D96DF /* Base */,
			);
			name = LaunchScreen.storyboard;
			sourceTree = "<group>";
		};
/* End PBXVariantGroup section */

/* Begin XCBuildConfiguration section */
		2E00B0C322E2335F001D96DF /* Debug */ = {
			isa = XCBuildConfiguration;
			buildSettings = {
				ALWAYS_SEARCH_USER_PATHS = NO;
				CLANG_ANALYZER_NONNULL = YES;
				CLANG_ANALYZER_NUMBER_OBJECT_CONVERSION = YES_AGGRESSIVE;
				CLANG_CXX_LANGUAGE_STANDARD = "gnu++14";
				CLANG_CXX_LIBRARY = "libc++";
				CLANG_ENABLE_MODULES = YES;
				CLANG_ENABLE_OBJC_ARC = YES;
				CLANG_ENABLE_OBJC_WEAK = YES;
				CLANG_WARN_BLOCK_CAPTURE_AUTORELEASING = YES;
				CLANG_WARN_BOOL_CONVERSION = YES;
				CLANG_WARN_COMMA = YES;
				CLANG_WARN_CONSTANT_CONVERSION = YES;
				CLANG_WARN_DEPRECATED_OBJC_IMPLEMENTATIONS = YES;
				CLANG_WARN_DIRECT_OBJC_ISA_USAGE = YES_ERROR;
				CLANG_WARN_DOCUMENTATION_COMMENTS = YES;
				CLANG_WARN_EMPTY_BODY = YES;
				CLANG_WARN_ENUM_CONVERSION = YES;
				CLANG_WARN_INFINITE_RECURSION = YES;
				CLANG_WARN_INT_CONVERSION = YES;
				CLANG_WARN_NON_LITERAL_NULL_CONVERSION = YES;
				CLANG_WARN_OBJC_IMPLICIT_RETAIN_SELF = YES;
				CLANG_WARN_OBJC_LITERAL_CONVERSION = YES;
				CLANG_WARN_OBJC_ROOT_CLASS = YES_ERROR;
				CLANG_WARN_RANGE_LOOP_ANALYSIS = YES;
				CLANG_WARN_STRICT_PROTOTYPES = YES;
				CLANG_WARN_SUSPICIOUS_MOVE = YES;
				CLANG_WARN_UNGUARDED_AVAILABILITY = YES_AGGRESSIVE;
				CLANG_WARN_UNREACHABLE_CODE = YES;
				CLANG_WARN__DUPLICATE_METHOD_MATCH = YES;
				CODE_SIGN_IDENTITY = "iPhone Developer";
				COPY_PHASE_STRIP = NO;
				DEBUG_INFORMATION_FORMAT = dwarf;
				ENABLE_STRICT_OBJC_MSGSEND = YES;
				ENABLE_TESTABILITY = YES;
				GCC_C_LANGUAGE_STANDARD = gnu11;
				GCC_DYNAMIC_NO_PIC = NO;
				GCC_NO_COMMON_BLOCKS = YES;
				GCC_OPTIMIZATION_LEVEL = 0;
				GCC_PREPROCESSOR_DEFINITIONS = (
					"DEBUG=1",
					"$(inherited)",
				);
				GCC_WARN_64_TO_32_BIT_CONVERSION = YES;
				GCC_WARN_ABOUT_RETURN_TYPE = YES_ERROR;
				GCC_WARN_UNDECLARED_SELECTOR = YES;
				GCC_WARN_UNINITIALIZED_AUTOS = YES_AGGRESSIVE;
				GCC_WARN_UNUSED_FUNCTION = YES;
				GCC_WARN_UNUSED_VARIABLE = YES;
				IPHONEOS_DEPLOYMENT_TARGET = 12.1;
				MTL_ENABLE_DEBUG_INFO = INCLUDE_SOURCE;
				MTL_FAST_MATH = YES;
				ONLY_ACTIVE_ARCH = YES;
				SDKROOT = iphoneos;
				SWIFT_ACTIVE_COMPILATION_CONDITIONS = DEBUG;
				SWIFT_OPTIMIZATION_LEVEL = "-Onone";
			};
			name = Debug;
		};
		2E00B0C422E2335F001D96DF /* Release */ = {
			isa = XCBuildConfiguration;
			buildSettings = {
				ALWAYS_SEARCH_USER_PATHS = NO;
				CLANG_ANALYZER_NONNULL = YES;
				CLANG_ANALYZER_NUMBER_OBJECT_CONVERSION = YES_AGGRESSIVE;
				CLANG_CXX_LANGUAGE_STANDARD = "gnu++14";
				CLANG_CXX_LIBRARY = "libc++";
				CLANG_ENABLE_MODULES = YES;
				CLANG_ENABLE_OBJC_ARC = YES;
				CLANG_ENABLE_OBJC_WEAK = YES;
				CLANG_WARN_BLOCK_CAPTURE_AUTORELEASING = YES;
				CLANG_WARN_BOOL_CONVERSION = YES;
				CLANG_WARN_COMMA = YES;
				CLANG_WARN_CONSTANT_CONVERSION = YES;
				CLANG_WARN_DEPRECATED_OBJC_IMPLEMENTATIONS = YES;
				CLANG_WARN_DIRECT_OBJC_ISA_USAGE = YES_ERROR;
				CLANG_WARN_DOCUMENTATION_COMMENTS = YES;
				CLANG_WARN_EMPTY_BODY = YES;
				CLANG_WARN_ENUM_CONVERSION = YES;
				CLANG_WARN_INFINITE_RECURSION = YES;
				CLANG_WARN_INT_CONVERSION = YES;
				CLANG_WARN_NON_LITERAL_NULL_CONVERSION = YES;
				CLANG_WARN_OBJC_IMPLICIT_RETAIN_SELF = YES;
				CLANG_WARN_OBJC_LITERAL_CONVERSION = YES;
				CLANG_WARN_OBJC_ROOT_CLASS = YES_ERROR;
				CLANG_WARN_RANGE_LOOP_ANALYSIS = YES;
				CLANG_WARN_STRICT_PROTOTYPES = YES;
				CLANG_WARN_SUSPICIOUS_MOVE = YES;
				CLANG_WARN_UNGUARDED_AVAILABILITY = YES_AGGRESSIVE;
				CLANG_WARN_UNREACHABLE_CODE = YES;
				CLANG_WARN__DUPLICATE_METHOD_MATCH = YES;
				CODE_SIGN_IDENTITY = "iPhone Developer";
				COPY_PHASE_STRIP = NO;
				DEBUG_INFORMATION_FORMAT = "dwarf-with-dsym";
				ENABLE_NS_ASSERTIONS = NO;
				ENABLE_STRICT_OBJC_MSGSEND = YES;
				GCC_C_LANGUAGE_STANDARD = gnu11;
				GCC_NO_COMMON_BLOCKS = YES;
				GCC_WARN_64_TO_32_BIT_CONVERSION = YES;
				GCC_WARN_ABOUT_RETURN_TYPE = YES_ERROR;
				GCC_WARN_UNDECLARED_SELECTOR = YES;
				GCC_WARN_UNINITIALIZED_AUTOS = YES_AGGRESSIVE;
				GCC_WARN_UNUSED_FUNCTION = YES;
				GCC_WARN_UNUSED_VARIABLE = YES;
				IPHONEOS_DEPLOYMENT_TARGET = 12.1;
				MTL_ENABLE_DEBUG_INFO = NO;
				MTL_FAST_MATH = YES;
				SDKROOT = iphoneos;
				SWIFT_COMPILATION_MODE = wholemodule;
				SWIFT_OPTIMIZATION_LEVEL = "-O";
				VALIDATE_PRODUCT = YES;
			};
			name = Release;
		};
		2E00B0C622E2335F001D96DF /* Debug */ = {
			isa = XCBuildConfiguration;
			buildSettings = {
				ASSETCATALOG_COMPILER_APPICON_NAME = AppIcon;
				CODE_SIGN_STYLE = Automatic;
				DEVELOPMENT_TEAM = V6KAPFF8Q4;
				INFOPLIST_FILE = "Project 16 - Capital Cities/Info.plist";
				LD_RUNPATH_SEARCH_PATHS = (
					"$(inherited)",
					"@executable_path/Frameworks",
				);
				PRODUCT_BUNDLE_IDENTIFIER = "com.AngelaWu.Project-16---Capital-Cities";
				PRODUCT_NAME = "$(TARGET_NAME)";
				SWIFT_VERSION = 4.2;
				TARGETED_DEVICE_FAMILY = "1,2";
			};
			name = Debug;
		};
		2E00B0C722E2335F001D96DF /* Release */ = {
			isa = XCBuildConfiguration;
			buildSettings = {
				ASSETCATALOG_COMPILER_APPICON_NAME = AppIcon;
				CODE_SIGN_STYLE = Automatic;
				DEVELOPMENT_TEAM = V6KAPFF8Q4;
				INFOPLIST_FILE = "Project 16 - Capital Cities/Info.plist";
				LD_RUNPATH_SEARCH_PATHS = (
					"$(inherited)",
					"@executable_path/Frameworks",
				);
				PRODUCT_BUNDLE_IDENTIFIER = "com.AngelaWu.Project-16---Capital-Cities";
				PRODUCT_NAME = "$(TARGET_NAME)";
				SWIFT_VERSION = 4.2;
				TARGETED_DEVICE_FAMILY = "1,2";
			};
			name = Release;
		};
/* End XCBuildConfiguration section */

/* Begin XCConfigurationList section */
		2E00B0AE22E2335A001D96DF /* Build configuration list for PBXProject "Project 16 - Capital Cities" */ = {
			isa = XCConfigurationList;
			buildConfigurations = (
				2E00B0C322E2335F001D96DF /* Debug */,
				2E00B0C422E2335F001D96DF /* Release */,
			);
			defaultConfigurationIsVisible = 0;
			defaultConfigurationName = Release;
		};
		2E00B0C522E2335F001D96DF /* Build configuration list for PBXNativeTarget "Project 16 - Capital Cities" */ = {
			isa = XCConfigurationList;
			buildConfigurations = (
				2E00B0C622E2335F001D96DF /* Debug */,
				2E00B0C722E2335F001D96DF /* Release */,
			);
			defaultConfigurationIsVisible = 0;
			defaultConfigurationName = Release;
		};
/* End XCConfigurationList section */
	};
	rootObject = 2E00B0AB22E2335A001D96DF /* Project object */;
}
